
Microsoft Visual Studio Solution File, Format Version 12.00
# Visual Studio Version 17
VisualStudioVersion = 17.7.34024.191
MinimumVisualStudioVersion = 10.0.40219.1
Project("{FAE04EC0-301F-11D3-BF4B-00C04F79EFBC}") = "MethodsWithLoopsAndConditionals", "MethodsWithLoopsAndConditionals\MethodsWithLoopsAndConditionals.csproj", "{5F8BEF3C-181C-4475-A90F-072AE51B5DC4}"
EndProject
Global
	GlobalSection(SolutionConfigurationPlatforms) = preSolution
		Debug|Any CPU = Debug|Any CPU
		Release|Any CPU = Release|Any CPU
	EndGlobalSection
	GlobalSection(ProjectConfigurationPlatforms) = postSolution
		{5F8BEF3C-181C-4475-A90F-072AE51B5DC4}.Debug|Any CPU.ActiveCfg = Debug|Any CPU
		{5F8BEF3C-181C-4475-A90F-072AE51B5DC4}.Debug|Any CPU.Build.0 = Debug|Any CPU
		{5F8BEF3C-181C-4475-A90F-072AE51B5DC4}.Release|Any CPU.ActiveCfg = Release|Any CPU
		{5F8BEF3C-181C-4475-A90F-072AE51B5DC4}.Release|Any CPU.Build.0 = Release|Any CPU
	EndGlobalSection
	GlobalSection(SolutionProperties) = preSolution
		HideSolutionNode = FALSE
	EndGlobalSection
	GlobalSection(ExtensibilityGlobals) = postSolution
		SolutionGuid = {2E7F0383-FE55-47C9-B435-CB17C192D192}
	EndGlobalSection
EndGlobal
